github.com/Azure/azure-sdk-for-go/sdk/azcore v1.9.0 h1:fb8kj/Dh4CSwgsOzHeZY4Xh68cFVbzXx+ONXGMY//4w=
github.com/Azure/azure-sdk-for-go/sdk/azcore v1.9.0/go.mod h1:uReU2sSxZExRPBAg3qKzmAucSi51+SP1OhohieR821Q=
github.com/Azure/azure-sdk-for-go/sdk/azidentity v1.3.0 h1:vcYCAze6p19qBW7MhZybIsqD8sMV8js0NyQM8JDnVtg=
github.com/Azure/azure-sdk-for-go/sdk/azidentity v1.3.0/go.mod h1:OQeznEEkTZ9OrhHJoDD8ZDq51FHgXjqtP9z6bEwBq9U=
github.com/Azure/azure-sdk-for-go/sdk/internal v1.5.0 h1:d81/ng9rET2YqdVkVwkb6EXeRrLJIwyGnJcAlAWKwhs=
github.com/Azure/azure-sdk-for-go/sdk/internal v1.5.0/go.mod h1:s4kgfzA0covAXNicZHDMN58jExvcng2mC/DepXiF1EI=
github.com/Azure/azure-sdk-for-go/sdk/resourcemanager/compute/armcompute v1.0.0 h1:/Di3vB4sNeQ+7A8efjUVENvyB945Wruvstucqp7ZArg=
github.com/Azure/azure-sdk-for-go/sdk/resourcemanager/compute/armcompute v1.0.0/go.mod h1:gM3K25LQlsET3QR+4V74zxCsFAy0r6xMNN9n80SZn+4=
github.com/Azure/azure-sdk-for-go/sdk/resourcemanager/internal v1.0.0 h1:lMW1lD/17LUA5z1XTURo7LcVG2ICBPlyMHjIUrcFZNQ=
github.com/Azure/azure-sdk-for-go/sdk/resourcemanager/internal v1.0.0/go.mod h1:ceIuwmxDWptoW3eCqSXlnPsZFKh4X+R38dWPv7GS9Vs=
github.com/Azure/azure-sdk-for-go/sdk/resourcemanager/network/armnetwork v1.0.0 h1:nBy98uKOIfun5z6wx6jwWLrULcM0+cjBalBFZlEZ7CA=
github.com/Azure/azure-sdk-for-go/sdk/resourcemanager/network/armnetwork v1.0.0/go.mod h1:243D9iHbcQXoFUtgHJwL7gl2zx1aDuDMjvBZVGr2uW0=
github.com/Azure/azure-sdk-for-go/sdk/resourcemanager/resources/armresources v1.0.0 h1:ECsQtyERDVz3NP3kvDOTLvbQhqWp/x9EsGKtb4ogUr8=
github.com/Azure/azure-sdk-for-go/sdk/resourcemanager/resources/armresources v1.0.0/go.mod h1:s1tW/At+xHqjNFvWU4G0c0Qv33KOhvbGNj0RCTQDV8s=
github.com/Azure/azure-sdk-for-go/sdk/resourcemanager/storage/armstorage v1.2.0 h1:Ma67P/GGprNwsslzEH6+Kb8nybI8jpDTm4Wmzu2ReK8=
github.com/Azure/azure-sdk-for-go/sdk/resourcemanager/storage/armstorage v1.2.0/go.mod h1:c+Lifp3EDEamAkPVzMooRNOK6CZjNSdEnf1A7jsI9u4=
github.com/Azure/azure-sdk-for-go/sdk/storage/azblob v1.2.0 h1:gggzg0SUMs6SQbEw+3LoSsYf9YMjkupeAnHMX8O9mmY=
github.com/Azure/azure-sdk-for-go/sdk/storage/azblob v1.2.0/go.mod h1:+6KLcKIVgxoBDMqMO/Nvy7bZ9a0nbU3I1DtFQK3YvB4=
github.com/AzureAD/microsoft-authentication-library-for-go v1.0.0 h1:OBhqkivkhkMqLPymWEppkm7vgPQY2XsHoEkaMQ0AdZY=
github.com/AzureAD/microsoft-authentication-library-for-go v1.0.0/go.mod h1:kgDmCTgBzIEPFElEF+FK0SdjAor06dRq2Go927dnQ6o=
github.com/davecgh/go-spew v1.1.1 h1:vj9j/u1bqnvCEfJOwUhtlOARqs3+rkHYY13jYWTU97c=
github.com/davecgh/go-spew v1.1.1/go.mod h1:J7Y8YcW2NihsgmVo/mv3lAwl/skON4iLHjSsI+c5H38=
github.com/dnaeon/go-vcr v1.2.0 h1:zHCHvJYTMh1N7xnV7zf1m1GPBF9Ad0Jk/whtQ1663qI=
github.com/dnaeon/go-vcr v1.2.0/go.mod h1:R4UdLID7HZT3taECzJs4YgbbH6PIGXB6W/sc5OLb6RQ=
github.com/golang-jwt/jwt v3.2.1+incompatible h1:73Z+4BJcrTC+KczS6WvTPvRGOp1WmfEP4Q1lOd9Z/+c=
github.com/golang-jwt/jwt/v4 v4.5.0 h1:7cYmW1XlMY7h7ii7UhUyChSgS5wUJEnm9uZVTGqOWzg=
github.com/golang-jwt/jwt/v4 v4.5.0/go.mod h1:m21LjoU+eqJr34lmDMbreY2eSTRJ1cv77w39/MY0Ch0=
github.com/golang-jwt/jwt/v5 v5.0.0 h1:1n1XNM9hk7O9mnQoNBGolZvzebBQ7p93ULHRc28XJUE=
github.com/golang-jwt/jwt/v5 v5.0.0/go.mod h1:pqrtFR0X4osieyHYxtmOUWsAWrfe1Q5UVIyoH402zdk=
github.com/google/uuid v1.3.0 h1:t6JiXgmwXMjEs8VusXIJk2BXHsn+wx8BZdTaoZ5fu7I=
github.com/google/uuid v1.3.0/go.mod h1:TIyPZe4MgqvfeYDBFedMoGGpEw/LqOeaOT+nhxU+yHo=
github.com/kylelemons/godebug v1.1.0 h1:RPNrshWIDI6G2gRW9EHilWtl7Z6Sb1BR0xunSBf0SNc=
github.com/kylelemons/godebug v1.1.0/go.mod h1:9/0rRGxNHcop5bhtWyNeEfOS8JIWk580+fNqagV/RAw=
github.com/lestrrat/go-jwx v0.9.1 h1:LbObMwh+lyWzIyVMd7iqsv1Az4EJDO0hURuSP1BFZcU=
github.com/lestrrat/go-jwx v0.9.1/go.mod h1:wcNNJptrY9449mBu35x6pVnncAgclwoiqdxFoizCVnM=
github.com/lestrrat/go-pdebug v0.0.0-20180220043741-569c97477ae8 h1:ttJD8hTqvrPEUBoAG5hJKbDOJ84u7zmbnZsUL4V9430=
github.com/lestrrat/go-pdebug v0.0.0-20180220043741-569c97477ae8/go.mod h1:VXFH11P7fHn2iPBsfSW1JacR59rttTcafJnwYcI/IdY=
github.com/pkg/browser v0.0.0-20210911075715-681adbf594b8 h1:KoWmjvw+nsYOo29YJK9vDA65RGE3NrOnUtO7a+RF9HU=
github.com/pkg/browser v0.0.0-20210911075715-681adbf594b8/go.mod h1:HKlIX3XHQyzLZPlr7++PzdhaXEj94dEiJgZDTsxEqUI=
github.com/pkg/errors v0.9.1 h1:FEBLx1zS214owpjy7qsBeixbURkuhQAwrK5UwLGTwt4=
github.com/pkg/errors v0.9.1/go.mod h1:bwawxfHBFNV+L2hUp1rHADufV3IMtnDRdf1r5NINEl0=
github.com/pmezard/go-difflib v1.0.0 h1:4DBwDE0NGyQoBHbLQYPwSUPoCMWR5BEzIk/f1lZbAQM=
github.com/pmezard/go-difflib v1.0.0/go.mod h1:iKH77koFhYxTK1pcRnkKkqfTogsbg7gZNVY4sRDYZ/4=
github.com/salrashid123/confidential_space/claims v0.0.0-20231113123744-44f929093c61 h1:v6VSwYGHfyFZ/PZBcomtKC1mAiWS15XNVUKMI4kxSng=
github.com/salrashid123/confidential_space/claims v0.0.0-20231113123744-44f929093c61/go.mod h1:wwJcadmRtnsVh5E0i7xB2RYfeVnYikY0JNv0y52YWiQ=
github.com/stretchr/testify v1.8.4 h1:CcVxjf3Q8PM0mHUKJCdn+eZZtm5yQwehR5yeSVQQcUk=
github.com/stretchr/testify v1.8.4/go.mod h1:sz/lmYIOXD/1dqDmKjjqLyZ2RngseejIcXlSw2iwfAo=
golang.org/x/crypto v0.14.0 h1:wBqGXzWJW6m1XrIKlAH0Hs1JJ7+9KBwnIO8v66Q9cHc=
golang.org/x/crypto v0.14.0/go.mod h1:MVFd36DqK4CsrnJYDkBA3VC4m2GkXAM0PvzMCn4JQf4=
golang.org/x/net v0.17.0 h1:pVaXccu2ozPjCXewfr1S7xza/zcXTity9cCdXQYSjIM=
golang.org/x/net v0.17.0/go.mod h1:NxSsAGuq816PNPmqtQdLE42eU2Fs7NoRIZrHJAlaCOE=
golang.org/x/sys v0.13.0 h1:Af8nKPmuFypiUBjVoU9V20FiaFXOcuZI21p0ycVYYGE=
golang.org/x/sys v0.13.0/go.mod h1:oPkhp1MJrh7nUepCBck5+mAzfO9JrbApNNgaTdGDITg=
golang.org/x/text v0.13.0 h1:ablQoSUd0tRdKxZewP80B+BaqeKJuVhuRxj/dkrun3k=
golang.org/x/text v0.13.0/go.mod h1:TvPlkZtksWOMsz7fbANvkp4WM8x/WCo/om8BMLbz+aE=
gopkg.in/yaml.v2 v2.4.0 h1:D8xgwECY7CYvx+Y2n4sBz93Jn9JRvxdiyyo8CTfuKaY=
gopkg.in/yaml.v2 v2.4.0/go.mod h1:RDklbk79AGWmwhnvt/jBztapEOGDOx6ZbXqjP6csGnQ=
gopkg.in/yaml.v3 v3.0.1 h1:fxVm/GzAzEWqLHuvctI91KS9hhNmmWOoWu0XTYJS7CA=
gopkg.in/yaml.v3 v3.0.1/go.mod h1:K4uyk7z7BCEPqu6E+C64Yfv1cQ7kz7rIZviUmN+EgEM=
